
Microsoft Visual Studio Solution File, Format Version 12.00
# Visual Studio Version 17
VisualStudioVersion = 17.10.34928.147
MinimumVisualStudioVersion = 10.0.40219.1
Project("{FAE04EC0-301F-11D3-BF4B-00C04F79EFBC}") = "PierceBugFix", "PierceBugFix\PierceBugFix.csproj", "{7C2C6D36-672C-4BA6-8D02-2C6F61321921}"
EndProject
Global
	GlobalSection(SolutionConfigurationPlatforms) = preSolution
		Debug|Any CPU = Debug|Any CPU
		Release|Any CPU = Release|Any CPU
	EndGlobalSection
	GlobalSection(ProjectConfigurationPlatforms) = postSolution
		{7C2C6D36-672C-4BA6-8D02-2C6F61321921}.Debug|Any CPU.ActiveCfg = Debug|Any CPU
		{7C2C6D36-672C-4BA6-8D02-2C6F61321921}.Debug|Any CPU.Build.0 = Debug|Any CPU
		{7C2C6D36-672C-4BA6-8D02-2C6F61321921}.Release|Any CPU.ActiveCfg = Release|Any CPU
		{7C2C6D36-672C-4BA6-8D02-2C6F61321921}.Release|Any CPU.Build.0 = Release|Any CPU
	EndGlobalSection
	GlobalSection(SolutionProperties) = preSolution
		HideSolutionNode = FALSE
	EndGlobalSection
	GlobalSection(ExtensibilityGlobals) = postSolution
		SolutionGuid = {EDDA6353-2B84-4934-AA68-C382B12C4882}
	EndGlobalSection
EndGlobal
